
Microsoft Visual Studio Solution File, Format Version 12.00
# Visual Studio 2012
Project("{E24C65DC-7377-472B-9ABA-BC803B73C61A}") = "ShirleyNita.com", ".", "{12A591FF-DCFD-4304-8956-15F8799A6AFA}"
	ProjectSection(WebsiteProperties) = preProject
		TargetFrameworkMoniker = ".NETFramework,Version%3Dv4.0"
		Debug.AspNetCompiler.VirtualPath = "/JoanaMensahWoode.com"
		Debug.AspNetCompiler.PhysicalPath = "..\JoanaMensahWoode.com\"
		Debug.AspNetCompiler.TargetPath = "PrecompiledWeb\JoanaMensahWoode.com\"
		Debug.AspNetCompiler.Updateable = "true"
		Debug.AspNetCompiler.ForceOverwrite = "true"
		Debug.AspNetCompiler.FixedNames = "false"
		Debug.AspNetCompiler.Debug = "True"
		Release.AspNetCompiler.VirtualPath = "/JoanaMensahWoode.com"
		Release.AspNetCompiler.PhysicalPath = "..\JoanaMensahWoode.com\"
		Release.AspNetCompiler.TargetPath = "PrecompiledWeb\JoanaMensahWoode.com\"
		Release.AspNetCompiler.Updateable = "true"
		Release.AspNetCompiler.ForceOverwrite = "true"
		Release.AspNetCompiler.FixedNames = "false"
		Release.AspNetCompiler.Debug = "False"
		VWDPort = "58439"
	EndProjectSection
EndProject
Global
	GlobalSection(SolutionConfigurationPlatforms) = preSolution
		Debug|Any CPU = Debug|Any CPU
	EndGlobalSection
	GlobalSection(ProjectConfigurationPlatforms) = postSolution
		{12A591FF-DCFD-4304-8956-15F8799A6AFA}.Debug|Any CPU.ActiveCfg = Debug|Any CPU
		{12A591FF-DCFD-4304-8956-15F8799A6AFA}.Debug|Any CPU.Build.0 = Debug|Any CPU
	EndGlobalSection
	GlobalSection(SolutionProperties) = preSolution
		HideSolutionNode = FALSE
	EndGlobalSection
EndGlobal
